
Microsoft Visual Studio Solution File, Format Version 12.00
# Visual Studio Version 17
VisualStudioVersion = 17.0.31903.59
MinimumVisualStudioVersion = 10.0.40219.1
Project("{FAE04EC0-301F-11D3-BF4B-00C04F79EFBC}") = "GeradorDeSenhas", "GeradorDeSenhas\GeradorDeSenhas.csproj", "{B8C699BF-C34D-43B8-A232-D282EDDDA716}"
EndProject
Project("{FAE04EC0-301F-11D3-BF4B-00C04F79EFBC}") = "GerenciadorDeSenhas", "GerenciadorDeSenhas\GerenciadorDeSenhas.csproj", "{0BF9902C-81F6-405B-8C5A-2C9D806FF45B}"
EndProject
Project("{FAE04EC0-301F-11D3-BF4B-00C04F79EFBC}") = "GerenciadorDeSenhasWeb", "GerenciadorDeSenhasWeb\GerenciadorDeSenhasWeb.csproj", "{DEBD1233-12A0-4839-BEF7-4B11279E0349}"
EndProject
Global
	GlobalSection(SolutionConfigurationPlatforms) = preSolution
		Debug|Any CPU = Debug|Any CPU
		Release|Any CPU = Release|Any CPU
	EndGlobalSection
	GlobalSection(SolutionProperties) = preSolution
		HideSolutionNode = FALSE
	EndGlobalSection
	GlobalSection(ProjectConfigurationPlatforms) = postSolution
		{B8C699BF-C34D-43B8-A232-D282EDDDA716}.Debug|Any CPU.ActiveCfg = Debug|Any CPU
		{B8C699BF-C34D-43B8-A232-D282EDDDA716}.Debug|Any CPU.Build.0 = Debug|Any CPU
		{B8C699BF-C34D-43B8-A232-D282EDDDA716}.Release|Any CPU.ActiveCfg = Release|Any CPU
		{B8C699BF-C34D-43B8-A232-D282EDDDA716}.Release|Any CPU.Build.0 = Release|Any CPU
		{0BF9902C-81F6-405B-8C5A-2C9D806FF45B}.Debug|Any CPU.ActiveCfg = Debug|Any CPU
		{0BF9902C-81F6-405B-8C5A-2C9D806FF45B}.Debug|Any CPU.Build.0 = Debug|Any CPU
		{0BF9902C-81F6-405B-8C5A-2C9D806FF45B}.Release|Any CPU.ActiveCfg = Release|Any CPU
		{0BF9902C-81F6-405B-8C5A-2C9D806FF45B}.Release|Any CPU.Build.0 = Release|Any CPU
		{DEBD1233-12A0-4839-BEF7-4B11279E0349}.Debug|Any CPU.ActiveCfg = Debug|Any CPU
		{DEBD1233-12A0-4839-BEF7-4B11279E0349}.Debug|Any CPU.Build.0 = Debug|Any CPU
		{DEBD1233-12A0-4839-BEF7-4B11279E0349}.Release|Any CPU.ActiveCfg = Release|Any CPU
		{DEBD1233-12A0-4839-BEF7-4B11279E0349}.Release|Any CPU.Build.0 = Release|Any CPU
	EndGlobalSection
EndGlobal
